
Microsoft Visual Studio Solution File, Format Version 12.00
# Visual Studio Version 17
VisualStudioVersion = 17.0.31903.59
MinimumVisualStudioVersion = 10.0.40219.1
Project("{2150E333-8FDC-42A3-9474-1A3956D46DE8}") = "src", "src", "{D006C940-8F59-4911-9F15-CC1E438D1BDB}"
EndProject
Project("{FAE04EC0-301F-11D3-BF4B-00C04F79EFBC}") = "Commanda", "src\Commanda\Commanda.csproj", "{4A8AAD1A-BDC0-48E5-A29D-B23D713B4A2A}"
EndProject
Global
	GlobalSection(SolutionConfigurationPlatforms) = preSolution
		Debug|Any CPU = Debug|Any CPU
		Release|Any CPU = Release|Any CPU
	EndGlobalSection
	GlobalSection(SolutionProperties) = preSolution
		HideSolutionNode = FALSE
	EndGlobalSection
	GlobalSection(ProjectConfigurationPlatforms) = postSolution
		{4A8AAD1A-BDC0-48E5-A29D-B23D713B4A2A}.Debug|Any CPU.ActiveCfg = Debug|Any CPU
		{4A8AAD1A-BDC0-48E5-A29D-B23D713B4A2A}.Debug|Any CPU.Build.0 = Debug|Any CPU
		{4A8AAD1A-BDC0-48E5-A29D-B23D713B4A2A}.Release|Any CPU.ActiveCfg = Release|Any CPU
		{4A8AAD1A-BDC0-48E5-A29D-B23D713B4A2A}.Release|Any CPU.Build.0 = Release|Any CPU
	EndGlobalSection
	GlobalSection(NestedProjects) = preSolution
		{4A8AAD1A-BDC0-48E5-A29D-B23D713B4A2A} = {D006C940-8F59-4911-9F15-CC1E438D1BDB}
	EndGlobalSection
EndGlobal
